
Microsoft Visual Studio Solution File, Format Version 12.00
# Visual Studio 2015
Project("{FAE04EC0-301F-11D3-BF4B-00C04F79EFBC}") = "Mini_Capstone.CSharp.Plugins", "Mini_Capstone.CSharp.Plugins.csproj", "{24E3B4D3-E642-EC26-E681-7979927486ED}"
EndProject
Project("{FAE04EC0-301F-11D3-BF4B-00C04F79EFBC}") = "Mini_Capstone.CSharp", "Mini_Capstone.CSharp.csproj", "{FAD8AB79-01B5-ACD0-9051-749D66B83D83}"
EndProject
Project("{FAE04EC0-301F-11D3-BF4B-00C04F79EFBC}") = "Mini_Capstone.CSharp.Editor", "Mini_Capstone.CSharp.Editor.csproj", "{EA5530E0-5491-EEFC-A624-E64167D752B0}"
EndProject
Global
	GlobalSection(SolutionConfigurationPlatforms) = preSolution
		Debug|Any CPU = Debug|Any CPU
		Release|Any CPU = Release|Any CPU
	EndGlobalSection
	GlobalSection(ProjectConfigurationPlatforms) = postSolution
		{24E3B4D3-E642-EC26-E681-7979927486ED}.Debug|Any CPU.ActiveCfg = Debug|Any CPU
		{24E3B4D3-E642-EC26-E681-7979927486ED}.Debug|Any CPU.Build.0 = Debug|Any CPU
		{24E3B4D3-E642-EC26-E681-7979927486ED}.Release|Any CPU.ActiveCfg = Release|Any CPU
		{24E3B4D3-E642-EC26-E681-7979927486ED}.Release|Any CPU.Build.0 = Release|Any CPU
		{FAD8AB79-01B5-ACD0-9051-749D66B83D83}.Debug|Any CPU.ActiveCfg = Debug|Any CPU
		{FAD8AB79-01B5-ACD0-9051-749D66B83D83}.Debug|Any CPU.Build.0 = Debug|Any CPU
		{FAD8AB79-01B5-ACD0-9051-749D66B83D83}.Release|Any CPU.ActiveCfg = Release|Any CPU
		{FAD8AB79-01B5-ACD0-9051-749D66B83D83}.Release|Any CPU.Build.0 = Release|Any CPU
		{EA5530E0-5491-EEFC-A624-E64167D752B0}.Debug|Any CPU.ActiveCfg = Debug|Any CPU
		{EA5530E0-5491-EEFC-A624-E64167D752B0}.Debug|Any CPU.Build.0 = Debug|Any CPU
		{EA5530E0-5491-EEFC-A624-E64167D752B0}.Release|Any CPU.ActiveCfg = Release|Any CPU
		{EA5530E0-5491-EEFC-A624-E64167D752B0}.Release|Any CPU.Build.0 = Release|Any CPU
	EndGlobalSection
	GlobalSection(SolutionProperties) = preSolution
		HideSolutionNode = FALSE
	EndGlobalSection
EndGlobal
